<?xml version="1.0" encoding="UTF-8" standalone="yes" ?>
<CodeBlocks_project_file>
	<FileVersion major="1" minor="6" />
	<Project>
		<Option title="BattleField" />
		<Option pch_mode="2" />
		<Option compiler="gcc" />
		<Build>
			<Target title="Debug">
				<Option output="bin/Debug/BattleField" prefix_auto="1" extension_auto="1" />
				<Option object_output="obj/Debug/" />
				<Option type="1" />
				<Option compiler="gcc" />
				<Compiler>
					<Add option="-g" />
					<Add directory="include" />
				</Compiler>
			</Target>
			<Target title="Release">
				<Option output="bin/Release/BattleField" prefix_auto="1" extension_auto="1" />
				<Option object_output="obj/Release/" />
				<Option type="1" />
				<Option compiler="gcc" />
				<Compiler>
					<Add option="-O2" />
					<Add directory="include" />
				</Compiler>
				<Linker>
					<Add option="-s" />
				</Linker>
			</Target>
		</Build>
		<Compiler>
			<Add option="-Wall" />
		</Compiler>
		<Unit filename="include/battlefield.h" />
		<Unit filename="include/entity.h" />
		<Unit filename="include/map.h" />
		<Unit filename="include/player.h" />
		<Unit filename="include/radar.h" />
		<Unit filename="include/railgun.h" />
		<Unit filename="include/soldier.h" />
		<Unit filename="include/tank.h" />
		<Unit filename="main.cpp" />
		<Unit filename="src/battlefield.cpp" />
		<Unit filename="src/entity.cpp" />
		<Unit filename="src/map.cpp" />
		<Unit filename="src/player.cpp" />
		<Unit filename="src/radar.cpp" />
		<Unit filename="src/railgun.cpp" />
		<Unit filename="src/soldier.cpp" />
		<Unit filename="src/tank.cpp" />
		<Extensions>
			<code_completion />
			<envvars />
			<debugger />
			<lib_finder disable_auto="1" />
		</Extensions>
	</Project>
</CodeBlocks_project_file>
